# This file is automatically @generated by Poetry 1.7.1 and should not be changed by hand.

[[package]]
name = "python-dateutil"
version = "2.9.0.post0"
description = "Extensions to the standard Python datetime module"
optional = false
python-versions = "!=3.0.*,!=3.1.*,!=3.2.*,>=2.7"
files = [
    {file = "python-dateutil-2.9.0.post0.tar.gz", hash = "sha256:37dd54208da7e1cd875388217d5e00ebd4179249f90fb72437e91a35459a0ad3"},
    {file = "python_dateutil-2.9.0.post0-py2.py3-none-any.whl", hash = "sha256:a8b2bc7bffae282281c8140a97d3aa9c14da0b136dfe83f850eea9a5f7470427"},
]

[package.dependencies]
six = ">=1.5"

[[package]]
name = "six"
version = "1.16.0"
description = "Python 2 and 3 compatibility utilities"
optional = false
python-versions = ">=2.7, !=3.0.*, !=3.1.*, !=3.2.*"
files = [
    {file = "six-1.16.0-py2.py3-none-any.whl", hash = "sha256:8abb2f1d86890a2dfb989f9a77cfcfd3e47c2a354b01111771326f8aa26e0254"},
    {file = "six-1.16.0.tar.gz", hash = "sha256:1e61c37477a1626458e36f7b1d82aa5c9b094fa4802892072e49de9c60c4c926"},
]

[[package]]
name = "zodchy"
version = "0.2.1"
description = "Collection of contracts and tools for building CQRS applications"
optional = false
python-versions = "<4.0,>=3.11"
files = [
    {file = "zodchy-0.2.1-py3-none-any.whl", hash = "sha256:42e3c3b483750127c23b4cbbc13a1e8edd122903367cdbc58ba31ca10716b970"},
    {file = "zodchy-0.2.1.tar.gz", hash = "sha256:4e8580286e457275e355e6392de629b2e63178f53fc854ce61c1d9427c51e2cf"},
]

[metadata]
lock-version = "2.0"
python-versions = "^3.12"
content-hash = "fd6c809259f20dcfe32ac5078fa297d22e138906f9f841b2b34ba19e37a0cca7"
